// !$*UTF8*$!
{
	archiveVersion = 1;
	classes = {
	};
	objectVersion = 48;
	objects = {

/* Begin PBXBuildFile section */
		63AAABE8206C893B00044934 /* AppDelegate.swift in Sources */ = {isa = PBXBuildFile; fileRef = 63AAABE7206C893B00044934 /* AppDelegate.swift */; };
		63AAABEA206C893B00044934 /* ViewController.swift in Sources */ = {isa = PBXBuildFile; fileRef = 63AAABE9206C893B00044934 /* ViewController.swift */; };
		63AAABED206C893B00044934 /* Main.storyboard in Resources */ = {isa = PBXBuildFile; fileRef = 63AAABEB206C893B00044934 /* Main.storyboard */; };
		63AAABEF206C893B00044934 /* Assets.xcassets in Resources */ = {isa = PBXBuildFile; fileRef = 63AAABEE206C893B00044934 /* Assets.xcassets */; };
		63AAABF2206C893B00044934 /* LaunchScreen.storyboard in Resources */ = {isa = PBXBuildFile; fileRef = 63AAABF0206C893B00044934 /* LaunchScreen.storyboard */; };
		FF4E7F4EBCD91D9B8512E848 /* Pods_Saas_M.framework in Frameworks */ = {isa = PBXBuildFile; fileRef = 2316C3AF7E0C6F9C56C93D6B /* Pods_Saas_M.framework */; };
/* End PBXBuildFile section */

/* Begin PBXFileReference section */
		0DCE75F8C7EDD9BD08B9970E /* Pods-Saas_M.release.xcconfig */ = {isa = PBXFileReference; includeInIndex = 1; lastKnownFileType = text.xcconfig; name = "Pods-Saas_M.release.xcconfig"; path = "Pods/Target Support Files/Pods-Saas_M/Pods-Saas_M.release.xcconfig"; sourceTree = "<group>"; };
		2316C3AF7E0C6F9C56C93D6B /* Pods_Saas_M.framework */ = {isa = PBXFileReference; explicitFileType = wrapper.framework; includeInIndex = 0; path = Pods_Saas_M.framework; sourceTree = BUILT_PRODUCTS_DIR; };
		63AAABE4206C893B00044934 /* Saas_M.app */ = {isa = PBXFileReference; explicitFileType = wrapper.application; includeInIndex = 0; path = Saas_M.app; sourceTree = BUILT_PRODUCTS_DIR; };
		63AAABE7206C893B00044934 /* AppDelegate.swift */ = {isa = PBXFileReference; lastKnownFileType = sourcecode.swift; path = AppDelegate.swift; sourceTree = "<group>"; };
		63AAABE9206C893B00044934 /* ViewController.swift */ = {isa = PBXFileReference; lastKnownFileType = sourcecode.swift; path = ViewController.swift; sourceTree = "<group>"; };
		63AAABEC206C893B00044934 /* Base */ = {isa = PBXFileReference; lastKnownFileType = file.storyboard; name = Base; path = Base.lproj/Main.storyboard; sourceTree = "<group>"; };
		63AAABEE206C893B00044934 /* Assets.xcassets */ = {isa = PBXFileReference; lastKnownFileType = folder.assetcatalog; path = Assets.xcassets; sourceTree = "<group>"; };
		63AAABF1206C893B00044934 /* Base */ = {isa = PBXFileReference; lastKnownFileType = file.storyboard; name = Base; path = Base.lproj/LaunchScreen.storyboard; sourceTree = "<group>"; };
		63AAABF3206C893B00044934 /* Info.plist */ = {isa = PBXFileReference; lastKnownFileType = text.plist.xml; path = Info.plist; sourceTree = "<group>"; };
		882953B8CD138D9E76B4517B /* Pods-Saas_M.debug.xcconfig */ = {isa = PBXFileReference; includeInIndex = 1; lastKnownFileType = text.xcconfig; name = "Pods-Saas_M.debug.xcconfig"; path = "Pods/Target Support Files/Pods-Saas_M/Pods-Saas_M.debug.xcconfig"; sourceTree = "<group>"; };
/* End PBXFileReference section */

/* Begin PBXFrameworksBuildPhase section */
		63AAABE1206C893A00044934 /* Frameworks */ = {
			isa = PBXFrameworksBuildPhase;
			buildActionMask = 2147483647;
			files = (
				FF4E7F4EBCD91D9B8512E848 /* Pods_Saas_M.framework in Frameworks */,
			);
			runOnlyForDeploymentPostprocessing = 0;
		};
/* End PBXFrameworksBuildPhase section */

/* Begin PBXGroup section */
		63AAABDB206C893A00044934 = {
			isa = PBXGroup;
			children = (
				63AAABE6206C893B00044934 /* Saas_M */,
				63AAABE5206C893B00044934 /* Products */,
				BFD485B598848E591523A4B3 /* Pods */,
				FA1856C7569A4AD29884E84F /* Frameworks */,
			);
			sourceTree = "<group>";
		};
		63AAABE5206C893B00044934 /* Products */ = {
			isa = PBXGroup;
			children = (
				63AAABE4206C893B00044934 /* Saas_M.app */,
			);
			name = Products;
			sourceTree = "<group>";
		};
		63AAABE6206C893B00044934 /* Saas_M */ = {
			isa = PBXGroup;
			children = (
				63AAABE7206C893B00044934 /* AppDelegate.swift */,
				63AAABE9206C893B00044934 /* ViewController.swift */,
				63AAABEB206C893B00044934 /* Main.storyboard */,
				63AAABEE206C893B00044934 /* Assets.xcassets */,
				63AAABF0206C893B00044934 /* LaunchScreen.storyboard */,
				63AAABF3206C893B00044934 /* Info.plist */,
			);
			path = Saas_M;
			sourceTree = "<group>";
		};
		BFD485B598848E591523A4B3 /* Pods */ = {
			isa = PBXGroup;
			children = (
				882953B8CD138D9E76B4517B /* Pods-Saas_M.debug.xcconfig */,
				0DCE75F8C7EDD9BD08B9970E /* Pods-Saas_M.release.xcconfig */,
			);
			name = Pods;
			sourceTree = "<group>";
		};
		FA1856C7569A4AD29884E84F /* Frameworks */ = {
			isa = PBXGroup;
			children = (
				2316C3AF7E0C6F9C56C93D6B /* Pods_Saas_M.framework */,
			);
			name = Frameworks;
			sourceTree = "<group>";
		};
/* End PBXGroup section */

/* Begin PBXNativeTarget section */
		63AAABE3206C893A00044934 /* Saas_M */ = {
			isa = PBXNativeTarget;
			buildConfigurationList = 63AAABF6206C893B00044934 /* Build configuration list for PBXNativeTarget "Saas_M" */;
			buildPhases = (
				73358EBDBB7FA8C2689BF8C2 /* [CP] Check Pods Manifest.lock */,
				63AAABE0206C893A00044934 /* Sources */,
				63AAABE1206C893A00044934 /* Frameworks */,
				63AAABE2206C893A00044934 /* Resources */,
				30823BC2680AB1327C10BA5D /* [CP] Embed Pods Frameworks */,
				859332757FD8FE98A054A749 /* [CP] Copy Pods Resources */,
			);
			buildRules = (
			);
			dependencies = (
			);
			name = Saas_M;
			productName = Saas_M;
			productReference = 63AAABE4206C893B00044934 /* Saas_M.app */;
			productType = "com.apple.product-type.application";
		};
/* End PBXNativeTarget section */

/* Begin PBXProject section */
		63AAABDC206C893A00044934 /* Project object */ = {
			isa = PBXProject;
			attributes = {
				LastSwiftUpdateCheck = 0920;
				LastUpgradeCheck = 0920;
				ORGANIZATIONNAME = "任前辈";
				TargetAttributes = {
					63AAABE3206C893A00044934 = {
						CreatedOnToolsVersion = 9.2;
						ProvisioningStyle = Manual;
					};
				};
			};
			buildConfigurationList = 63AAABDF206C893A00044934 /* Build configuration list for PBXProject "Saas_M" */;
			compatibilityVersion = "Xcode 8.0";
			developmentRegion = en;
			hasScannedForEncodings = 0;
			knownRegions = (
				en,
				Base,
			);
			mainGroup = 63AAABDB206C893A00044934;
			productRefGroup = 63AAABE5206C893B00044934 /* Products */;
			projectDirPath = "";
			projectRoot = "";
			targets = (
				63AAABE3206C893A00044934 /* Saas_M */,
			);
		};
/* End PBXProject section */

/* Begin PBXResourcesBuildPhase section */
		63AAABE2206C893A00044934 /* Resources */ = {
			isa = PBXResourcesBuildPhase;
			buildActionMask = 2147483647;
			files = (
				63AAABF2206C893B00044934 /* LaunchScreen.storyboard in Resources */,
				63AAABEF206C893B00044934 /* Assets.xcassets in Resources */,
				63AAABED206C893B00044934 /* Main.storyboard in Resources */,
			);
			runOnlyForDeploymentPostprocessing = 0;
		};
/* End PBXResourcesBuildPhase section */

/* Begin PBXShellScriptBuildPhase section */
		30823BC2680AB1327C10BA5D /* [CP] Embed Pods Frameworks */ = {
			isa = PBXShellScriptBuildPhase;
			buildActionMask = 2147483647;
			files = (
			);
			inputPaths = (
				"${SRCROOT}/Pods/Target Support Files/Pods-Saas_M/Pods-Saas_M-frameworks.sh",
				"${BUILT_PRODUCTS_DIR}/SnapKit/SnapKit.framework",
			);
			name = "[CP] Embed Pods Frameworks";
			outputPaths = (
				"${TARGET_BUILD_DIR}/${FRAMEWORKS_FOLDER_PATH}/SnapKit.framework",
			);
			runOnlyForDeploymentPostprocessing = 0;
			shellPath = /bin/sh;
			shellScript = "\"${SRCROOT}/Pods/Target Support Files/Pods-Saas_M/Pods-Saas_M-frameworks.sh\"\n";
			showEnvVarsInLog = 0;
		};
		73358EBDBB7FA8C2689BF8C2 /* [CP] Check Pods Manifest.lock */ = {
			isa = PBXShellScriptBuildPhase;
			buildActionMask = 2147483647;
			files = (
			);
			inputPaths = (
				"${PODS_PODFILE_DIR_PATH}/Podfile.lock",
				"${PODS_ROOT}/Manifest.lock",
			);
			name = "[CP] Check Pods Manifest.lock";
			outputPaths = (
				"$(DERIVED_FILE_DIR)/Pods-Saas_M-checkManifestLockResult.txt",
			);
			runOnlyForDeploymentPostprocessing = 0;
			shellPath = /bin/sh;
			shellScript = "diff \"${PODS_PODFILE_DIR_PATH}/Podfile.lock\" \"${PODS_ROOT}/Manifest.lock\" > /dev/null\nif [ $? != 0 ] ; then\n    # print error to STDERR\n    echo \"error: The sandbox is not in sync with the Podfile.lock. Run 'pod install' or update your CocoaPods installation.\" >&2\n    exit 1\nfi\n# This output is used by Xcode 'outputs' to avoid re-running this script phase.\necho \"SUCCESS\" > \"${SCRIPT_OUTPUT_FILE_0}\"\n";
			showEnvVarsInLog = 0;
		};
		859332757FD8FE98A054A749 /* [CP] Copy Pods Resources */ = {
			isa = PBXShellScriptBuildPhase;
			buildActionMask = 2147483647;
			files = (
			);
			inputPaths = (
			);
			name = "[CP] Copy Pods Resources";
			outputPaths = (
			);
			runOnlyForDeploymentPostprocessing = 0;
			shellPath = /bin/sh;
			shellScript = "\"${SRCROOT}/Pods/Target Support Files/Pods-Saas_M/Pods-Saas_M-resources.sh\"\n";
			showEnvVarsInLog = 0;
		};
/* End PBXShellScriptBuildPhase section */

/* Begin PBXSourcesBuildPhase section */
		63AAABE0206C893A00044934 /* Sources */ = {
			isa = PBXSourcesBuildPhase;
			buildActionMask = 2147483647;
			files = (
				63AAABEA206C893B00044934 /* ViewController.swift in Sources */,
				63AAABE8206C893B00044934 /* AppDelegate.swift in Sources */,
			);
			runOnlyForDeploymentPostprocessing = 0;
		};
/* End PBXSourcesBuildPhase section */

/* Begin PBXVariantGroup section */
		63AAABEB206C893B00044934 /* Main.storyboard */ = {
			isa = PBXVariantGroup;
			children = (
				63AAABEC206C893B00044934 /* Base */,
			);
			name = Main.storyboard;
			sourceTree = "<group>";
		};
		63AAABF0206C893B00044934 /* LaunchScreen.storyboard */ = {
			isa = PBXVariantGroup;
			children = (
				63AAABF1206C893B00044934 /* Base */,
			);
			name = LaunchScreen.storyboard;
			sourceTree = "<group>";
		};
/* End PBXVariantGroup section */

/* Begin XCBuildConfiguration section */
		63AAABF4206C893B00044934 /* Debug */ = {
			isa = XCBuildConfiguration;
			buildSettings = {
				ALWAYS_SEARCH_USER_PATHS = NO;
				CLANG_ANALYZER_NONNULL = YES;
				CLANG_ANALYZER_NUMBER_OBJECT_CONVERSION = YES_AGGRESSIVE;
				CLANG_CXX_LANGUAGE_STANDARD = "gnu++14";
				CLANG_CXX_LIBRARY = "libc++";
				CLANG_ENABLE_MODULES = YES;
				CLANG_ENABLE_OBJC_ARC = YES;
				CLANG_WARN_BLOCK_CAPTURE_AUTORELEASING = YES;
				CLANG_WARN_BOOL_CONVERSION = YES;
				CLANG_WARN_COMMA = YES;
				CLANG_WARN_CONSTANT_CONVERSION = YES;
				CLANG_WARN_DIRECT_OBJC_ISA_USAGE = YES_ERROR;
				CLANG_WARN_DOCUMENTATION_COMMENTS = YES;
				CLANG_WARN_EMPTY_BODY = YES;
				CLANG_WARN_ENUM_CONVERSION = YES;
				CLANG_WARN_INFINITE_RECURSION = YES;
				CLANG_WARN_INT_CONVERSION = YES;
				CLANG_WARN_NON_LITERAL_NULL_CONVERSION = YES;
				CLANG_WARN_OBJC_LITERAL_CONVERSION = YES;
				CLANG_WARN_OBJC_ROOT_CLASS = YES_ERROR;
				CLANG_WARN_RANGE_LOOP_ANALYSIS = YES;
				CLANG_WARN_STRICT_PROTOTYPES = YES;
				CLANG_WARN_SUSPICIOUS_MOVE = YES;
				CLANG_WARN_UNGUARDED_AVAILABILITY = YES_AGGRESSIVE;
				CLANG_WARN_UNREACHABLE_CODE = YES;
				CLANG_WARN__DUPLICATE_METHOD_MATCH = YES;
				CODE_SIGN_IDENTITY = "iPhone Developer";
				COPY_PHASE_STRIP = NO;
				DEBUG_INFORMATION_FORMAT = dwarf;
				ENABLE_STRICT_OBJC_MSGSEND = YES;
				ENABLE_TESTABILITY = YES;
				GCC_C_LANGUAGE_STANDARD = gnu11;
				GCC_DYNAMIC_NO_PIC = NO;
				GCC_NO_COMMON_BLOCKS = YES;
				GCC_OPTIMIZATION_LEVEL = 0;
				GCC_PREPROCESSOR_DEFINITIONS = (
					"DEBUG=1",
					"$(inherited)",
				);
				GCC_WARN_64_TO_32_BIT_CONVERSION = YES;
				GCC_WARN_ABOUT_RETURN_TYPE = YES_ERROR;
				GCC_WARN_UNDECLARED_SELECTOR = YES;
				GCC_WARN_UNINITIALIZED_AUTOS = YES_AGGRESSIVE;
				GCC_WARN_UNUSED_FUNCTION = YES;
				GCC_WARN_UNUSED_VARIABLE = YES;
				IPHONEOS_DEPLOYMENT_TARGET = 11.2;
				MTL_ENABLE_DEBUG_INFO = YES;
				ONLY_ACTIVE_ARCH = YES;
				SDKROOT = iphoneos;
				SWIFT_ACTIVE_COMPILATION_CONDITIONS = DEBUG;
				SWIFT_OPTIMIZATION_LEVEL = "-Onone";
			};
			name = Debug;
		};
		63AAABF5206C893B00044934 /* Release */ = {
			isa = XCBuildConfiguration;
			buildSettings = {
				ALWAYS_SEARCH_USER_PATHS = NO;
				CLANG_ANALYZER_NONNULL = YES;
				CLANG_ANALYZER_NUMBER_OBJECT_CONVERSION = YES_AGGRESSIVE;
				CLANG_CXX_LANGUAGE_STANDARD = "gnu++14";
				CLANG_CXX_LIBRARY = "libc++";
				CLANG_ENABLE_MODULES = YES;
				CLANG_ENABLE_OBJC_ARC = YES;
				CLANG_WARN_BLOCK_CAPTURE_AUTORELEASING = YES;
				CLANG_WARN_BOOL_CONVERSION = YES;
				CLANG_WARN_COMMA = YES;
				CLANG_WARN_CONSTANT_CONVERSION = YES;
				CLANG_WARN_DIRECT_OBJC_ISA_USAGE = YES_ERROR;
				CLANG_WARN_DOCUMENTATION_COMMENTS = YES;
				CLANG_WARN_EMPTY_BODY = YES;
				CLANG_WARN_ENUM_CONVERSION = YES;
				CLANG_WARN_INFINITE_RECURSION = YES;
				CLANG_WARN_INT_CONVERSION = YES;
				CLANG_WARN_NON_LITERAL_NULL_CONVERSION = YES;
				CLANG_WARN_OBJC_LITERAL_CONVERSION = YES;
				CLANG_WARN_OBJC_ROOT_CLASS = YES_ERROR;
				CLANG_WARN_RANGE_LOOP_ANALYSIS = YES;
				CLANG_WARN_STRICT_PROTOTYPES = YES;
				CLANG_WARN_SUSPICIOUS_MOVE = YES;
				CLANG_WARN_UNGUARDED_AVAILABILITY = YES_AGGRESSIVE;
				CLANG_WARN_UNREACHABLE_CODE = YES;
				CLANG_WARN__DUPLICATE_METHOD_MATCH = YES;
				CODE_SIGN_IDENTITY = "iPhone Developer";
				COPY_PHASE_STRIP = NO;
				DEBUG_INFORMATION_FORMAT = "dwarf-with-dsym";
				ENABLE_NS_ASSERTIONS = NO;
				ENABLE_STRICT_OBJC_MSGSEND = YES;
				GCC_C_LANGUAGE_STANDARD = gnu11;
				GCC_NO_COMMON_BLOCKS = YES;
				GCC_WARN_64_TO_32_BIT_CONVERSION = YES;
				GCC_WARN_ABOUT_RETURN_TYPE = YES_ERROR;
				GCC_WARN_UNDECLARED_SELECTOR = YES;
				GCC_WARN_UNINITIALIZED_AUTOS = YES_AGGRESSIVE;
				GCC_WARN_UNUSED_FUNCTION = YES;
				GCC_WARN_UNUSED_VARIABLE = YES;
				IPHONEOS_DEPLOYMENT_TARGET = 11.2;
				MTL_ENABLE_DEBUG_INFO = NO;
				SDKROOT = iphoneos;
				SWIFT_OPTIMIZATION_LEVEL = "-Owholemodule";
				VALIDATE_PRODUCT = YES;
			};
			name = Release;
		};
		63AAABF7206C893B00044934 /* Debug */ = {
			isa = XCBuildConfiguration;
			baseConfigurationReference = 882953B8CD138D9E76B4517B /* Pods-Saas_M.debug.xcconfig */;
			buildSettings = {
				ASSETCATALOG_COMPILER_APPICON_NAME = AppIcon;
				CODE_SIGN_STYLE = Manual;
				DEVELOPMENT_TEAM = CZ8FDE6Y49;
				INFOPLIST_FILE = Saas_M/Info.plist;
				IPHONEOS_DEPLOYMENT_TARGET = 10.0;
				LD_RUNPATH_SEARCH_PATHS = "$(inherited) @executable_path/Frameworks";
				PRODUCT_BUNDLE_IDENTIFIER = com.hkd.SaasM;
				PRODUCT_NAME = "$(TARGET_NAME)";
				PROVISIONING_PROFILE = "5ed5f374-021c-471f-8bb4-4f0db8d9d64b";
				PROVISIONING_PROFILE_SPECIFIER = SaasM;
				SWIFT_VERSION = 4.0;
				TARGETED_DEVICE_FAMILY = "1,2";
			};
			name = Debug;
		};
		63AAABF8206C893B00044934 /* Release */ = {
			isa = XCBuildConfiguration;
			baseConfigurationReference = 0DCE75F8C7EDD9BD08B9970E /* Pods-Saas_M.release.xcconfig */;
			buildSettings = {
				ASSETCATALOG_COMPILER_APPICON_NAME = AppIcon;
				CODE_SIGN_STYLE = Manual;
				DEVELOPMENT_TEAM = CZ8FDE6Y49;
				INFOPLIST_FILE = Saas_M/Info.plist;
				IPHONEOS_DEPLOYMENT_TARGET = 10.0;
				LD_RUNPATH_SEARCH_PATHS = "$(inherited) @executable_path/Frameworks";
				PRODUCT_BUNDLE_IDENTIFIER = com.hkd.SaasM;
				PRODUCT_NAME = "$(TARGET_NAME)";
				PROVISIONING_PROFILE = "5ed5f374-021c-471f-8bb4-4f0db8d9d64b";
				PROVISIONING_PROFILE_SPECIFIER = SaasM;
				SWIFT_VERSION = 4.0;
				TARGETED_DEVICE_FAMILY = "1,2";
			};
			name = Release;
		};
/* End XCBuildConfiguration section */

/* Begin XCConfigurationList section */
		63AAABDF206C893A00044934 /* Build configuration list for PBXProject "Saas_M" */ = {
			isa = XCConfigurationList;
			buildConfigurations = (
				63AAABF4206C893B00044934 /* Debug */,
				63AAABF5206C893B00044934 /* Release */,
			);
			defaultConfigurationIsVisible = 0;
			defaultConfigurationName = Release;
		};
		63AAABF6206C893B00044934 /* Build configuration list for PBXNativeTarget "Saas_M" */ = {
			isa = XCConfigurationList;
			buildConfigurations = (
				63AAABF7206C893B00044934 /* Debug */,
				63AAABF8206C893B00044934 /* Release */,
			);
			defaultConfigurationIsVisible = 0;
			defaultConfigurationName = Release;
		};
/* End XCConfigurationList section */
	};
	rootObject = 63AAABDC206C893A00044934 /* Project object */;
}
